
Microsoft Visual Studio Solution File, Format Version 12.00
# Visual Studio Version 17
VisualStudioVersion = 17.11.35222.181
MinimumVisualStudioVersion = 10.0.40219.1
Project("{FAE04EC0-301F-11D3-BF4B-00C04F79EFBC}") = "EventProvider", "EventProvider\EventProvider.csproj", "{586F7B0E-6974-4716-8D46-42E282BD27AB}"
EndProject
Global
	GlobalSection(SolutionConfigurationPlatforms) = preSolution
		Debug|Any CPU = Debug|Any CPU
		Release|Any CPU = Release|Any CPU
	EndGlobalSection
	GlobalSection(ProjectConfigurationPlatforms) = postSolution
		{586F7B0E-6974-4716-8D46-42E282BD27AB}.Debug|Any CPU.ActiveCfg = Debug|Any CPU
		{586F7B0E-6974-4716-8D46-42E282BD27AB}.Debug|Any CPU.Build.0 = Debug|Any CPU
		{586F7B0E-6974-4716-8D46-42E282BD27AB}.Release|Any CPU.ActiveCfg = Release|Any CPU
		{586F7B0E-6974-4716-8D46-42E282BD27AB}.Release|Any CPU.Build.0 = Release|Any CPU
	EndGlobalSection
	GlobalSection(SolutionProperties) = preSolution
		HideSolutionNode = FALSE
	EndGlobalSection
	GlobalSection(ExtensibilityGlobals) = postSolution
		SolutionGuid = {41822D55-2260-4E23-A598-E92A85309922}
	EndGlobalSection
EndGlobal
